PODS:
  - Alamofire (4.4.0)
  - ModelMapper (6.0.0)
  - Moya (8.0.4):
    - Moya/Core (= 8.0.4)
  - Moya-ModelMapper/Core (4.1.0):
    - ModelMapper
    - Moya (~> 8.0.0)
  - Moya-ModelMapper/RxSwift (4.1.0):
    - Moya-ModelMapper/Core
    - Moya/RxSwift (~> 8.0.0)
    - RxSwift
  - Moya/Core (8.0.4):
    - Alamofire (~> 4.1)
    - Result (~> 3.0)
  - Moya/RxSwift (8.0.4):
    - Moya/Core
    - RxSwift (~> 3.0)
  - Result (3.2.2)
  - RxSwift (3.4.1)

DEPENDENCIES:
  - Moya-ModelMapper/RxSwift
  - Moya/RxSwift
  - RxSwift (~> 3.4.1)

SPEC CHECKSUMS:
  Alamofire: dc44b1600b800eb63da6a19039a0083d62a6a62d
  ModelMapper: 3596a82f26c43491f6a8d3a00bcdba6ba0e62a93
  Moya: a08bc060c7a44eee27447b239ed33a189b641e2b
  Moya-ModelMapper: 7084396138e6f9359881db654ee6a4d826a64f14
  Result: 4edd39003fdccf281d418ee1b006571f70123250
  RxSwift: 656f8fbeca5bc372121a72d9ebdd3cd3bc0ffade

PODFILE CHECKSUM: f472ad1babf2485847c8fb25009b763a500c6a09

COCOAPODS: 1.1.1
